{
  "version": 1,
  "dependencies": {
    ".NETFramework,Version=v4.6.1": {
      "Microsoft.NETFramework.ReferenceAssemblies": {
        "type": "Direct",
        "requested": "[1.0.3, )",
        "resolved": "1.0.3",
        "contentHash": "vUc9Npcs14QsyOD01tnv/m8sQUnGTGOw1BCmKcv77LBJY7OxhJ+zJF7UD/sCL3lYNFuqmQEVlkfS4Quif6FyYg==",
        "dependencies": {
          "Microsoft.NETFramework.ReferenceAssemblies.net461": "1.0.3"
        }
      },
      "Newtonsoft.Json": {
        "type": "Direct",
        "requested": "[13.0.3, )",
        "resolved": "13.0.3",
        "contentHash": "HrC5BXdl00IP9zeV+0Z848QWPAoCr9P3bDEZguI+gkLcBKAOxix/tLEAAHC+UvDNPv4a2d18lOReHMOagPa+zQ=="
      },
      "System.ValueTuple": {
        "type": "Direct",
        "requested": "[4.6.2, )",
        "resolved": "4.6.2",
        "contentHash": "yQgmjfFximrNm9LIV3mL6T5MzjeC+epeE5rl4hXxAlYmxby7RM1dPSkIKXk9HNkl6G54h2JHOmLD46+Pey+IRg=="
      },
      "Microsoft.NETFramework.ReferenceAssemblies.net461": {
        "type": "Transitive",
        "resolved": "1.0.3",
        "contentHash": "AmOJZwCqnOCNp6PPcf9joyogScWLtwy0M1WkqfEQ0M9nYwyDD7EX9ZjscKS5iYnyvteX7kzSKFCKt9I9dXA6mA=="
      },
      "ytec.windowsbackup.core": {
        "type": "Project",
        "dependencies": {
          "Newtonsoft.Json": "[13.0.3, )"
        }
      },
      "ytec.windowsbackup.windows": {
        "type": "Project",
        "dependencies": {
          "Newtonsoft.Json": "[13.0.3, )",
          "Ytec.WindowsBackup.Core": "[1.2.0, )"
        }
      }
    }
  }
}